
Microsoft Visual Studio Solution File, Format Version 12.00
# Visual Studio Version 17
VisualStudioVersion = 17.5.002.0
MinimumVisualStudioVersion = 10.0.40219.1
Project("{9A19103F-16F7-4668-BE54-9A1E7A4F7556}") = "RoslynIssue69325", "RoslynIssue69325.csproj", "{211F2902-361A-4320-A725-878A6E21D4AA}"
EndProject
Global
	GlobalSection(SolutionConfigurationPlatforms) = preSolution
		Debug|Any CPU = Debug|Any CPU
		Release|Any CPU = Release|Any CPU
	EndGlobalSection
	GlobalSection(ProjectConfigurationPlatforms) = postSolution
		{211F2902-361A-4320-A725-878A6E21D4AA}.Debug|Any CPU.ActiveCfg = Debug|Any CPU
		{211F2902-361A-4320-A725-878A6E21D4AA}.Debug|Any CPU.Build.0 = Debug|Any CPU
		{211F2902-361A-4320-A725-878A6E21D4AA}.Release|Any CPU.ActiveCfg = Release|Any CPU
		{211F2902-361A-4320-A725-878A6E21D4AA}.Release|Any CPU.Build.0 = Release|Any CPU
	EndGlobalSection
	GlobalSection(SolutionProperties) = preSolution
		HideSolutionNode = FALSE
	EndGlobalSection
	GlobalSection(ExtensibilityGlobals) = postSolution
		SolutionGuid = {82880B4A-5A42-4E97-BB11-5B8AB14E569D}
	EndGlobalSection
EndGlobal
